
Microsoft Visual Studio Solution File, Format Version 12.00
# Visual Studio Version 17
VisualStudioVersion = 17.10.35122.118
MinimumVisualStudioVersion = 10.0.40219.1
Project("{2150E333-8FDC-42A3-9474-1A3956D46DE8}") = "src", "src", "{08E51543-C730-4BE8-8344-2C04F5085BA8}"
	ProjectSection(SolutionItems) = preProject
		src\Directory.Build.props = src\Directory.Build.props
	EndProjectSection
EndProject
Project("{2150E333-8FDC-42A3-9474-1A3956D46DE8}") = "test", "test", "{356313D4-DC33-453D-8085-4B6792499BB8}"
EndProject
Project("{2150E333-8FDC-42A3-9474-1A3956D46DE8}") = "Solution Items", "Solution Items", "{8A906921-CD55-4D8B-9849-B8570134132F}"
	ProjectSection(SolutionItems) = preProject
		.gitignore = .gitignore
		Directory.Build.props = Directory.Build.props
		LICENSE = LICENSE
		README.md = README.md
	EndProjectSection
EndProject
Project("{9A19103F-16F7-4668-BE54-9A1E7A4F7556}") = "SimpleTrading.WebApi", "src\SimpleTrading.WebApi\SimpleTrading.WebApi.csproj", "{92232E48-C286-4380-883C-4C45C24F9CB1}"
EndProject
Project("{9A19103F-16F7-4668-BE54-9A1E7A4F7556}") = "SimpleTrading.WebApi.Tests", "test\SimpleTrading.WebApi.Tests\SimpleTrading.WebApi.Tests.csproj", "{2CBA9D6D-0D96-4F46-A5C6-F895FDB031DD}"
EndProject
Project("{9A19103F-16F7-4668-BE54-9A1E7A4F7556}") = "SimpleTrading.Domain", "src\SimpleTrading.Domain\SimpleTrading.Domain.csproj", "{383B1C8F-3AA8-4DF8-A5BE-DE7386A67706}"
EndProject
Project("{9A19103F-16F7-4668-BE54-9A1E7A4F7556}") = "SimpleTrading.Domain.Tests", "test\SimpleTrading.Domain.Tests\SimpleTrading.Domain.Tests.csproj", "{C139A105-A69A-4D29-963A-8E165222BB50}"
EndProject
Project("{9A19103F-16F7-4668-BE54-9A1E7A4F7556}") = "SimpleTrading.TestInfrastructure", "test\SimpleTrading.TestInfrastructure\SimpleTrading.TestInfrastructure.csproj", "{45D0CF7A-AB1A-4188-BAAC-43F78A17C8BC}"
EndProject
Project("{FAE04EC0-301F-11D3-BF4B-00C04F79EFBC}") = "SimpleTrading.DataAccess.SqlServer", "src\SimpleTrading.DataAccess.SqlServer\SimpleTrading.DataAccess.SqlServer.csproj", "{256E1672-4070-43E0-9E71-D3ED1BD1560C}"
EndProject
Project("{FAE04EC0-301F-11D3-BF4B-00C04F79EFBC}") = "SimpleTrading.DataAccess.Postgres", "src\SimpleTrading.DataAccess.Postgres\SimpleTrading.DataAccess.Postgres.csproj", "{CE1C6E35-68B2-4C42-866C-1C7D6D4FFFD3}"
EndProject
Project("{FAE04EC0-301F-11D3-BF4B-00C04F79EFBC}") = "SimpleTrading.DataAccess.Sqlite", "src\SimpleTrading.DataAccess.Sqlite\SimpleTrading.DataAccess.Sqlite.csproj", "{19DD4699-2960-4507-9C53-147809036481}"
EndProject
Project("{FAE04EC0-301F-11D3-BF4B-00C04F79EFBC}") = "SimpleTrading.DataAccess", "src\SimpleTrading.DataAccess\SimpleTrading.DataAccess.csproj", "{847DB03A-1251-4357-9D64-F4AE23E9EA4F}"
EndProject
Project("{FAE04EC0-301F-11D3-BF4B-00C04F79EFBC}") = "SimpleTrading.DataAccess.Tests", "test\SimpleTrading.DataAccess.Tests\SimpleTrading.DataAccess.Tests.csproj", "{54FEB882-7381-4BD4-B234-4B4183EDFF76}"
EndProject
Global
	GlobalSection(SolutionConfigurationPlatforms) = preSolution
		Debug|Any CPU = Debug|Any CPU
		Release|Any CPU = Release|Any CPU
	EndGlobalSection
	GlobalSection(ProjectConfigurationPlatforms) = postSolution
		{92232E48-C286-4380-883C-4C45C24F9CB1}.Debug|Any CPU.ActiveCfg = Debug|Any CPU
		{92232E48-C286-4380-883C-4C45C24F9CB1}.Debug|Any CPU.Build.0 = Debug|Any CPU
		{92232E48-C286-4380-883C-4C45C24F9CB1}.Release|Any CPU.ActiveCfg = Release|Any CPU
		{92232E48-C286-4380-883C-4C45C24F9CB1}.Release|Any CPU.Build.0 = Release|Any CPU
		{2CBA9D6D-0D96-4F46-A5C6-F895FDB031DD}.Debug|Any CPU.ActiveCfg = Debug|Any CPU
		{2CBA9D6D-0D96-4F46-A5C6-F895FDB031DD}.Debug|Any CPU.Build.0 = Debug|Any CPU
		{2CBA9D6D-0D96-4F46-A5C6-F895FDB031DD}.Release|Any CPU.ActiveCfg = Release|Any CPU
		{2CBA9D6D-0D96-4F46-A5C6-F895FDB031DD}.Release|Any CPU.Build.0 = Release|Any CPU
		{383B1C8F-3AA8-4DF8-A5BE-DE7386A67706}.Debug|Any CPU.ActiveCfg = Debug|Any CPU
		{383B1C8F-3AA8-4DF8-A5BE-DE7386A67706}.Debug|Any CPU.Build.0 = Debug|Any CPU
		{383B1C8F-3AA8-4DF8-A5BE-DE7386A67706}.Release|Any CPU.ActiveCfg = Release|Any CPU
		{383B1C8F-3AA8-4DF8-A5BE-DE7386A67706}.Release|Any CPU.Build.0 = Release|Any CPU
		{C139A105-A69A-4D29-963A-8E165222BB50}.Debug|Any CPU.ActiveCfg = Debug|Any CPU
		{C139A105-A69A-4D29-963A-8E165222BB50}.Debug|Any CPU.Build.0 = Debug|Any CPU
		{C139A105-A69A-4D29-963A-8E165222BB50}.Release|Any CPU.ActiveCfg = Release|Any CPU
		{C139A105-A69A-4D29-963A-8E165222BB50}.Release|Any CPU.Build.0 = Release|Any CPU
		{45D0CF7A-AB1A-4188-BAAC-43F78A17C8BC}.Debug|Any CPU.ActiveCfg = Debug|Any CPU
		{45D0CF7A-AB1A-4188-BAAC-43F78A17C8BC}.Debug|Any CPU.Build.0 = Debug|Any CPU
		{45D0CF7A-AB1A-4188-BAAC-43F78A17C8BC}.Release|Any CPU.ActiveCfg = Release|Any CPU
		{45D0CF7A-AB1A-4188-BAAC-43F78A17C8BC}.Release|Any CPU.Build.0 = Release|Any CPU
		{256E1672-4070-43E0-9E71-D3ED1BD1560C}.Debug|Any CPU.ActiveCfg = Debug|Any CPU
		{256E1672-4070-43E0-9E71-D3ED1BD1560C}.Debug|Any CPU.Build.0 = Debug|Any CPU
		{256E1672-4070-43E0-9E71-D3ED1BD1560C}.Release|Any CPU.ActiveCfg = Release|Any CPU
		{256E1672-4070-43E0-9E71-D3ED1BD1560C}.Release|Any CPU.Build.0 = Release|Any CPU
		{CE1C6E35-68B2-4C42-866C-1C7D6D4FFFD3}.Debug|Any CPU.ActiveCfg = Debug|Any CPU
		{CE1C6E35-68B2-4C42-866C-1C7D6D4FFFD3}.Debug|Any CPU.Build.0 = Debug|Any CPU
		{CE1C6E35-68B2-4C42-866C-1C7D6D4FFFD3}.Release|Any CPU.ActiveCfg = Release|Any CPU
		{CE1C6E35-68B2-4C42-866C-1C7D6D4FFFD3}.Release|Any CPU.Build.0 = Release|Any CPU
		{19DD4699-2960-4507-9C53-147809036481}.Debug|Any CPU.ActiveCfg = Debug|Any CPU
		{19DD4699-2960-4507-9C53-147809036481}.Debug|Any CPU.Build.0 = Debug|Any CPU
		{19DD4699-2960-4507-9C53-147809036481}.Release|Any CPU.ActiveCfg = Release|Any CPU
		{19DD4699-2960-4507-9C53-147809036481}.Release|Any CPU.Build.0 = Release|Any CPU
		{847DB03A-1251-4357-9D64-F4AE23E9EA4F}.Debug|Any CPU.ActiveCfg = Debug|Any CPU
		{847DB03A-1251-4357-9D64-F4AE23E9EA4F}.Debug|Any CPU.Build.0 = Debug|Any CPU
		{847DB03A-1251-4357-9D64-F4AE23E9EA4F}.Release|Any CPU.ActiveCfg = Release|Any CPU
		{847DB03A-1251-4357-9D64-F4AE23E9EA4F}.Release|Any CPU.Build.0 = Release|Any CPU
		{54FEB882-7381-4BD4-B234-4B4183EDFF76}.Debug|Any CPU.ActiveCfg = Debug|Any CPU
		{54FEB882-7381-4BD4-B234-4B4183EDFF76}.Debug|Any CPU.Build.0 = Debug|Any CPU
		{54FEB882-7381-4BD4-B234-4B4183EDFF76}.Release|Any CPU.ActiveCfg = Release|Any CPU
		{54FEB882-7381-4BD4-B234-4B4183EDFF76}.Release|Any CPU.Build.0 = Release|Any CPU
	EndGlobalSection
	GlobalSection(SolutionProperties) = preSolution
		HideSolutionNode = FALSE
	EndGlobalSection
	GlobalSection(NestedProjects) = preSolution
		{92232E48-C286-4380-883C-4C45C24F9CB1} = {08E51543-C730-4BE8-8344-2C04F5085BA8}
		{2CBA9D6D-0D96-4F46-A5C6-F895FDB031DD} = {356313D4-DC33-453D-8085-4B6792499BB8}
		{383B1C8F-3AA8-4DF8-A5BE-DE7386A67706} = {08E51543-C730-4BE8-8344-2C04F5085BA8}
		{C139A105-A69A-4D29-963A-8E165222BB50} = {356313D4-DC33-453D-8085-4B6792499BB8}
		{45D0CF7A-AB1A-4188-BAAC-43F78A17C8BC} = {356313D4-DC33-453D-8085-4B6792499BB8}
		{256E1672-4070-43E0-9E71-D3ED1BD1560C} = {08E51543-C730-4BE8-8344-2C04F5085BA8}
		{CE1C6E35-68B2-4C42-866C-1C7D6D4FFFD3} = {08E51543-C730-4BE8-8344-2C04F5085BA8}
		{19DD4699-2960-4507-9C53-147809036481} = {08E51543-C730-4BE8-8344-2C04F5085BA8}
		{847DB03A-1251-4357-9D64-F4AE23E9EA4F} = {08E51543-C730-4BE8-8344-2C04F5085BA8}
		{54FEB882-7381-4BD4-B234-4B4183EDFF76} = {356313D4-DC33-453D-8085-4B6792499BB8}
	EndGlobalSection
	GlobalSection(ExtensibilityGlobals) = postSolution
		SolutionGuid = {55851CC1-01BD-4314-B287-376AA406F433}
	EndGlobalSection
EndGlobal
